
Microsoft Visual Studio Solution File, Format Version 12.00
# Visual Studio Version 17
VisualStudioVersion = 17.0.31903.59
MinimumVisualStudioVersion = 10.0.40219.1
Project("{2150E333-8FDC-42A3-9474-1A3956D46DE8}") = "0002_Practica_2", "0002_Practica_2", "{FCC989ED-9A36-FB60-095B-D7A84B9543C1}"
EndProject
Project("{FAE04EC0-301F-11D3-BF4B-00C04F79EFBC}") = "22310273_Adquirir_Conocimiento", "0002_Practica_2\22310273_Adquirir_Conocimiento\22310273_Adquirir_Conocimiento.csproj", "{13F5D95B-8231-4768-8204-93F62CF7518E}"
EndProject
Global
	GlobalSection(SolutionConfigurationPlatforms) = preSolution
		Debug|Any CPU = Debug|Any CPU
		Debug|x64 = Debug|x64
		Debug|x86 = Debug|x86
		Release|Any CPU = Release|Any CPU
		Release|x64 = Release|x64
		Release|x86 = Release|x86
	EndGlobalSection
	GlobalSection(ProjectConfigurationPlatforms) = postSolution
		{13F5D95B-8231-4768-8204-93F62CF7518E}.Debug|Any CPU.ActiveCfg = Debug|Any CPU
		{13F5D95B-8231-4768-8204-93F62CF7518E}.Debug|Any CPU.Build.0 = Debug|Any CPU
		{13F5D95B-8231-4768-8204-93F62CF7518E}.Debug|x64.ActiveCfg = Debug|Any CPU
		{13F5D95B-8231-4768-8204-93F62CF7518E}.Debug|x64.Build.0 = Debug|Any CPU
		{13F5D95B-8231-4768-8204-93F62CF7518E}.Debug|x86.ActiveCfg = Debug|Any CPU
		{13F5D95B-8231-4768-8204-93F62CF7518E}.Debug|x86.Build.0 = Debug|Any CPU
		{13F5D95B-8231-4768-8204-93F62CF7518E}.Release|Any CPU.ActiveCfg = Release|Any CPU
		{13F5D95B-8231-4768-8204-93F62CF7518E}.Release|Any CPU.Build.0 = Release|Any CPU
		{13F5D95B-8231-4768-8204-93F62CF7518E}.Release|x64.ActiveCfg = Release|Any CPU
		{13F5D95B-8231-4768-8204-93F62CF7518E}.Release|x64.Build.0 = Release|Any CPU
		{13F5D95B-8231-4768-8204-93F62CF7518E}.Release|x86.ActiveCfg = Release|Any CPU
		{13F5D95B-8231-4768-8204-93F62CF7518E}.Release|x86.Build.0 = Release|Any CPU
	EndGlobalSection
	GlobalSection(SolutionProperties) = preSolution
		HideSolutionNode = FALSE
	EndGlobalSection
	GlobalSection(NestedProjects) = preSolution
		{13F5D95B-8231-4768-8204-93F62CF7518E} = {FCC989ED-9A36-FB60-095B-D7A84B9543C1}
	EndGlobalSection
EndGlobal
